
Microsoft Visual Studio Solution File, Format Version 12.00
# Visual Studio Version 16
VisualStudioVersion = 16.0.31112.23
MinimumVisualStudioVersion = 10.0.40219.1
Project("{9A19103F-16F7-4668-BE54-9A1E7A4F7556}") = "API", "API\API.csproj", "{A7C9D085-9094-47C1-8FF5-536063AA3309}"
EndProject
Project("{FAE04EC0-301F-11D3-BF4B-00C04F79EFBC}") = "Windows Binary", "Windows Binary\Windows Binary.csproj", "{080F44D0-BC9D-4C75-9612-DF6D89ED8FDC}"
	ProjectSection(ProjectDependencies) = postProject
		{A7C9D085-9094-47C1-8FF5-536063AA3309} = {A7C9D085-9094-47C1-8FF5-536063AA3309}
	EndProjectSection
EndProject
Global
	GlobalSection(SolutionConfigurationPlatforms) = preSolution
		Debug|Any CPU = Debug|Any CPU
		Release|Any CPU = Release|Any CPU
	EndGlobalSection
	GlobalSection(ProjectConfigurationPlatforms) = postSolution
		{A7C9D085-9094-47C1-8FF5-536063AA3309}.Debug|Any CPU.ActiveCfg = Debug|Any CPU
		{A7C9D085-9094-47C1-8FF5-536063AA3309}.Debug|Any CPU.Build.0 = Debug|Any CPU
		{A7C9D085-9094-47C1-8FF5-536063AA3309}.Release|Any CPU.ActiveCfg = Release|Any CPU
		{A7C9D085-9094-47C1-8FF5-536063AA3309}.Release|Any CPU.Build.0 = Release|Any CPU
		{080F44D0-BC9D-4C75-9612-DF6D89ED8FDC}.Debug|Any CPU.ActiveCfg = Debug|Any CPU
		{080F44D0-BC9D-4C75-9612-DF6D89ED8FDC}.Debug|Any CPU.Build.0 = Debug|Any CPU
		{080F44D0-BC9D-4C75-9612-DF6D89ED8FDC}.Release|Any CPU.ActiveCfg = Release|Any CPU
		{080F44D0-BC9D-4C75-9612-DF6D89ED8FDC}.Release|Any CPU.Build.0 = Release|Any CPU
	EndGlobalSection
	GlobalSection(SolutionProperties) = preSolution
		HideSolutionNode = FALSE
	EndGlobalSection
	GlobalSection(ExtensibilityGlobals) = postSolution
		SolutionGuid = {3ABC3515-8004-4C01-9153-55FBDEA95A58}
	EndGlobalSection
EndGlobal
