
Microsoft Visual Studio Solution File, Format Version 12.00
# Visual Studio Version 16
VisualStudioVersion = 16.0.31112.23
MinimumVisualStudioVersion = 10.0.40219.1
Project("{9A19103F-16F7-4668-BE54-9A1E7A4F7556}") = "API", "API\API.csproj", "{A7C9D085-9094-47C1-8FF5-536063AA3309}"
EndProject
Project("{9A19103F-16F7-4668-BE54-9A1E7A4F7556}") = "Windows Binary", "Windows Binary\Windows Binary.csproj", "{A009A04C-F563-45E8-A669-38A6ADA8BA7E}"
EndProject
Project("{54435603-DBB4-11D2-8724-00A0C9A8B90C}") = "Windows Installer", "Windows Installer\Windows Installer.vdproj", "{B7489331-2C0E-4BD1-8798-0C8EF876E7FE}"
EndProject
Global
	GlobalSection(SolutionConfigurationPlatforms) = preSolution
		Debug|Any CPU = Debug|Any CPU
		Release|Any CPU = Release|Any CPU
	EndGlobalSection
	GlobalSection(ProjectConfigurationPlatforms) = postSolution
		{A7C9D085-9094-47C1-8FF5-536063AA3309}.Debug|Any CPU.ActiveCfg = Debug|Any CPU
		{A7C9D085-9094-47C1-8FF5-536063AA3309}.Debug|Any CPU.Build.0 = Debug|Any CPU
		{A7C9D085-9094-47C1-8FF5-536063AA3309}.Release|Any CPU.ActiveCfg = Release|Any CPU
		{A7C9D085-9094-47C1-8FF5-536063AA3309}.Release|Any CPU.Build.0 = Release|Any CPU
		{A009A04C-F563-45E8-A669-38A6ADA8BA7E}.Debug|Any CPU.ActiveCfg = Debug|Any CPU
		{A009A04C-F563-45E8-A669-38A6ADA8BA7E}.Debug|Any CPU.Build.0 = Debug|Any CPU
		{A009A04C-F563-45E8-A669-38A6ADA8BA7E}.Release|Any CPU.ActiveCfg = Release|Any CPU
		{A009A04C-F563-45E8-A669-38A6ADA8BA7E}.Release|Any CPU.Build.0 = Release|Any CPU
		{B7489331-2C0E-4BD1-8798-0C8EF876E7FE}.Debug|Any CPU.ActiveCfg = Debug
		{B7489331-2C0E-4BD1-8798-0C8EF876E7FE}.Release|Any CPU.ActiveCfg = Release
	EndGlobalSection
	GlobalSection(SolutionProperties) = preSolution
		HideSolutionNode = FALSE
	EndGlobalSection
	GlobalSection(ExtensibilityGlobals) = postSolution
		SolutionGuid = {3ABC3515-8004-4C01-9153-55FBDEA95A58}
	EndGlobalSection
EndGlobal
